// !$*UTF8*$!
{
	archiveVersion = 1;
	classes = {
	};
	objectVersion = 48;
	objects = {

/* Begin PBXBuildFile section */
		0A351D145D80DB9B5A6D8D42 /* libPods-BlipsClient.a in Frameworks */ = {isa = PBXBuildFile; fileRef = AC402C54036475D1D037CE88 /* libPods-BlipsClient.a */; };
		6E20862D1FA2100F00C824D9 /* AppDelegate.swift in Sources */ = {isa = PBXBuildFile; fileRef = 6E20862C1FA2100F00C824D9 /* AppDelegate.swift */; };
		6E2086321FA2100F00C824D9 /* Main.storyboard in Resources */ = {isa = PBXBuildFile; fileRef = 6E2086301FA2100F00C824D9 /* Main.storyboard */; };
		6E2086341FA2100F00C824D9 /* Assets.xcassets in Resources */ = {isa = PBXBuildFile; fileRef = 6E2086331FA2100F00C824D9 /* Assets.xcassets */; };
		6E2086421FA2100F00C824D9 /* BlipsClientTests.swift in Sources */ = {isa = PBXBuildFile; fileRef = 6E2086411FA2100F00C824D9 /* BlipsClientTests.swift */; };
		6E20864D1FA2100F00C824D9 /* BlipsClientUITests.swift in Sources */ = {isa = PBXBuildFile; fileRef = 6E20864C1FA2100F00C824D9 /* BlipsClientUITests.swift */; };
		6E20865D1FA2106100C824D9 /* MapKit.framework in Frameworks */ = {isa = PBXBuildFile; fileRef = 6E20865C1FA2106100C824D9 /* MapKit.framework */; };
		6E71ED3D2026213F00EC17B9 /* MapModelObserver.swift in Sources */ = {isa = PBXBuildFile; fileRef = 6E71ED3C2026213F00EC17B9 /* MapModelObserver.swift */; };
		6E71ED3F202621FE00EC17B9 /* MapViewController.swift in Sources */ = {isa = PBXBuildFile; fileRef = 6E71ED3E202621FE00EC17B9 /* MapViewController.swift */; };
		6E97D2762023CD4C00DD8368 /* LocationObserver.swift in Sources */ = {isa = PBXBuildFile; fileRef = 6E97D2722023CD4B00DD8368 /* LocationObserver.swift */; };
		6E97D2772023CD4C00DD8368 /* UserHistoryObserver.swift in Sources */ = {isa = PBXBuildFile; fileRef = 6E97D2732023CD4B00DD8368 /* UserHistoryObserver.swift */; };
		6E97D2782023CD4C00DD8368 /* UserAccountObserver.swift in Sources */ = {isa = PBXBuildFile; fileRef = 6E97D2742023CD4C00DD8368 /* UserAccountObserver.swift */; };
		6E97D2792023CD4C00DD8368 /* ServerInterface.swift in Sources */ = {isa = PBXBuildFile; fileRef = 6E97D2752023CD4C00DD8368 /* ServerInterface.swift */; };
		6E97D2812023CD5800DD8368 /* SignInModel.swift in Sources */ = {isa = PBXBuildFile; fileRef = 6E97D27A2023CD5400DD8368 /* SignInModel.swift */; };
		6E97D2822023CD5800DD8368 /* CustomLookup.swift in Sources */ = {isa = PBXBuildFile; fileRef = 6E97D27B2023CD5400DD8368 /* CustomLookup.swift */; };
		6E97D2832023CD5800DD8368 /* Blip.swift in Sources */ = {isa = PBXBuildFile; fileRef = 6E97D27C2023CD5500DD8368 /* Blip.swift */; };
		6E97D2842023CD5800DD8368 /* BlipRequest.swift in Sources */ = {isa = PBXBuildFile; fileRef = 6E97D27D2023CD5500DD8368 /* BlipRequest.swift */; };
		6E97D2852023CD5800DD8368 /* LookupModel.swift in Sources */ = {isa = PBXBuildFile; fileRef = 6E97D27E2023CD5600DD8368 /* LookupModel.swift */; };
		6E97D2862023CD5800DD8368 /* User.swift in Sources */ = {isa = PBXBuildFile; fileRef = 6E97D27F2023CD5600DD8368 /* User.swift */; };
		6E97D2872023CD5800DD8368 /* Location.swift in Sources */ = {isa = PBXBuildFile; fileRef = 6E97D2802023CD5700DD8368 /* Location.swift */; };
		6E97D2902023CD6100DD8368 /* AttributesTableViewController.swift in Sources */ = {isa = PBXBuildFile; fileRef = 6E97D2882023CD5E00DD8368 /* AttributesTableViewController.swift */; };
		6E97D2912023CD6100DD8368 /* StatisticsViewController.swift in Sources */ = {isa = PBXBuildFile; fileRef = 6E97D2892023CD5E00DD8368 /* StatisticsViewController.swift */; };
		6E97D2922023CD6100DD8368 /* AccountViewController.swift in Sources */ = {isa = PBXBuildFile; fileRef = 6E97D28A2023CD5F00DD8368 /* AccountViewController.swift */; };
		6E97D2932023CD6100DD8368 /* LookupViewController.swift in Sources */ = {isa = PBXBuildFile; fileRef = 6E97D28B2023CD5F00DD8368 /* LookupViewController.swift */; };
		6E97D2942023CD6100DD8368 /* ViewController.swift in Sources */ = {isa = PBXBuildFile; fileRef = 6E97D28C2023CD6000DD8368 /* ViewController.swift */; };
		6E97D2952023CD6100DD8368 /* AttractionsTableViewCell.swift in Sources */ = {isa = PBXBuildFile; fileRef = 6E97D28D2023CD6000DD8368 /* AttractionsTableViewCell.swift */; };
		6E97D2962023CD6100DD8368 /* AttractionsTableViewController.swift in Sources */ = {isa = PBXBuildFile; fileRef = 6E97D28E2023CD6000DD8368 /* AttractionsTableViewController.swift */; };
		6E97D2972023CD6100DD8368 /* SignInViewController.swift in Sources */ = {isa = PBXBuildFile; fileRef = 6E97D28F2023CD6100DD8368 /* SignInViewController.swift */; };
		6EA4065420265FED009069F4 /* LookupModelObserver.swift in Sources */ = {isa = PBXBuildFile; fileRef = 6EA4065320265FED009069F4 /* LookupModelObserver.swift */; };
		6EAD4E831FBB8748003C2E30 /* Default-568h@2x.png in Resources */ = {isa = PBXBuildFile; fileRef = 6EAD4E821FBB8748003C2E30 /* Default-568h@2x.png */; };
		6EE12FD12024C71400509452 /* MainModel.swift in Sources */ = {isa = PBXBuildFile; fileRef = 6EE12FD02024C71400509452 /* MainModel.swift */; };
		6EE12FD32024C73E00509452 /* MapModel.swift in Sources */ = {isa = PBXBuildFile; fileRef = 6EE12FD22024C73E00509452 /* MapModel.swift */; };
		6EF0C66D2013A9C300C967C6 /* GoogleService-Info.plist in Resources */ = {isa = PBXBuildFile; fileRef = 6EF0C66C2013A9C300C967C6 /* GoogleService-Info.plist */; };
		6EF0C66E2013AA0100C967C6 /* GoogleService-Info.plist in Resources */ = {isa = PBXBuildFile; fileRef = 6EF0C66C2013A9C300C967C6 /* GoogleService-Info.plist */; };
		6EF0C66F2013AA0100C967C6 /* GoogleService-Info.plist in Resources */ = {isa = PBXBuildFile; fileRef = 6EF0C66C2013A9C300C967C6 /* GoogleService-Info.plist */; };
/* End PBXBuildFile section */

/* Begin PBXContainerItemProxy section */
		6E20863E1FA2100F00C824D9 /* PBXContainerItemProxy */ = {
			isa = PBXContainerItemProxy;
			containerPortal = 6E2086211FA2100F00C824D9 /* Project object */;
			proxyType = 1;
			remoteGlobalIDString = 6E2086281FA2100F00C824D9;
			remoteInfo = BlipsClient;
		};
		6E2086491FA2100F00C824D9 /* PBXContainerItemProxy */ = {
			isa = PBXContainerItemProxy;
			containerPortal = 6E2086211FA2100F00C824D9 /* Project object */;
			proxyType = 1;
			remoteGlobalIDString = 6E2086281FA2100F00C824D9;
			remoteInfo = BlipsClient;
		};
/* End PBXContainerItemProxy section */

/* Begin PBXFileReference section */
		6E2086291FA2100F00C824D9 /* BlipsClient.app */ = {isa = PBXFileReference; explicitFileType = wrapper.application; includeInIndex = 0; path = BlipsClient.app; sourceTree = BUILT_PRODUCTS_DIR; };
		6E20862C1FA2100F00C824D9 /* AppDelegate.swift */ = {isa = PBXFileReference; lastKnownFileType = sourcecode.swift; name = AppDelegate.swift; path = BlipsClient/AppDelegate.swift; sourceTree = SOURCE_ROOT; };
		6E2086311FA2100F00C824D9 /* Base */ = {isa = PBXFileReference; lastKnownFileType = file.storyboard; name = Base; path = Base.lproj/Main.storyboard; sourceTree = "<group>"; };
		6E2086331FA2100F00C824D9 /* Assets.xcassets */ = {isa = PBXFileReference; lastKnownFileType = folder.assetcatalog; path = Assets.xcassets; sourceTree = "<group>"; };
		6E2086381FA2100F00C824D9 /* Info.plist */ = {isa = PBXFileReference; lastKnownFileType = text.plist.xml; path = Info.plist; sourceTree = "<group>"; };
		6E20863D1FA2100F00C824D9 /* BlipsClientTests.xctest */ = {isa = PBXFileReference; explicitFileType = wrapper.cfbundle; includeInIndex = 0; path = BlipsClientTests.xctest; sourceTree = BUILT_PRODUCTS_DIR; };
		6E2086411FA2100F00C824D9 /* BlipsClientTests.swift */ = {isa = PBXFileReference; lastKnownFileType = sourcecode.swift; path = BlipsClientTests.swift; sourceTree = "<group>"; };
		6E2086431FA2100F00C824D9 /* Info.plist */ = {isa = PBXFileReference; lastKnownFileType = text.plist.xml; path = Info.plist; sourceTree = "<group>"; };
		6E2086481FA2100F00C824D9 /* BlipsClientUITests.xctest */ = {isa = PBXFileReference; explicitFileType = wrapper.cfbundle; includeInIndex = 0; path = BlipsClientUITests.xctest; sourceTree = BUILT_PRODUCTS_DIR; };
		6E20864C1FA2100F00C824D9 /* BlipsClientUITests.swift */ = {isa = PBXFileReference; lastKnownFileType = sourcecode.swift; path = BlipsClientUITests.swift; sourceTree = "<group>"; };
		6E20864E1FA2100F00C824D9 /* Info.plist */ = {isa = PBXFileReference; lastKnownFileType = text.plist.xml; path = Info.plist; sourceTree = "<group>"; };
		6E20865A1FA2105900C824D9 /* BlipsClient.entitlements */ = {isa = PBXFileReference; lastKnownFileType = text.plist.entitlements; path = BlipsClient.entitlements; sourceTree = "<group>"; };
		6E20865C1FA2106100C824D9 /* MapKit.framework */ = {isa = PBXFileReference; lastKnownFileType = wrapper.framework; name = MapKit.framework; path = System/Library/Frameworks/MapKit.framework; sourceTree = SDKROOT; };
		6E71ED3C2026213F00EC17B9 /* MapModelObserver.swift */ = {isa = PBXFileReference; lastKnownFileType = sourcecode.swift; path = MapModelObserver.swift; sourceTree = "<group>"; };
		6E71ED3E202621FE00EC17B9 /* MapViewController.swift */ = {isa = PBXFileReference; lastKnownFileType = sourcecode.swift; path = MapViewController.swift; sourceTree = "<group>"; };
		6E97D2722023CD4B00DD8368 /* LocationObserver.swift */ = {isa = PBXFileReference; lastKnownFileType = sourcecode.swift; path = LocationObserver.swift; sourceTree = "<group>"; };
		6E97D2732023CD4B00DD8368 /* UserHistoryObserver.swift */ = {isa = PBXFileReference; lastKnownFileType = sourcecode.swift; path = UserHistoryObserver.swift; sourceTree = "<group>"; };
		6E97D2742023CD4C00DD8368 /* UserAccountObserver.swift */ = {isa = PBXFileReference; lastKnownFileType = sourcecode.swift; path = UserAccountObserver.swift; sourceTree = "<group>"; };
		6E97D2752023CD4C00DD8368 /* ServerInterface.swift */ = {isa = PBXFileReference; lastKnownFileType = sourcecode.swift; path = ServerInterface.swift; sourceTree = "<group>"; };
		6E97D27A2023CD5400DD8368 /* SignInModel.swift */ = {isa = PBXFileReference; lastKnownFileType = sourcecode.swift; path = SignInModel.swift; sourceTree = "<group>"; };
		6E97D27B2023CD5400DD8368 /* CustomLookup.swift */ = {isa = PBXFileReference; lastKnownFileType = sourcecode.swift; path = CustomLookup.swift; sourceTree = "<group>"; };
		6E97D27C2023CD5500DD8368 /* Blip.swift */ = {isa = PBXFileReference; lastKnownFileType = sourcecode.swift; path = Blip.swift; sourceTree = "<group>"; };
		6E97D27D2023CD5500DD8368 /* BlipRequest.swift */ = {isa = PBXFileReference; lastKnownFileType = sourcecode.swift; path = BlipRequest.swift; sourceTree = "<group>"; };
		6E97D27E2023CD5600DD8368 /* LookupModel.swift */ = {isa = PBXFileReference; lastKnownFileType = sourcecode.swift; path = LookupModel.swift; sourceTree = "<group>"; };
		6E97D27F2023CD5600DD8368 /* User.swift */ = {isa = PBXFileReference; lastKnownFileType = sourcecode.swift; path = User.swift; sourceTree = "<group>"; };
		6E97D2802023CD5700DD8368 /* Location.swift */ = {isa = PBXFileReference; lastKnownFileType = sourcecode.swift; path = Location.swift; sourceTree = "<group>"; };
		6E97D2882023CD5E00DD8368 /* AttributesTableViewController.swift */ = {isa = PBXFileReference; lastKnownFileType = sourcecode.swift; path = AttributesTableViewController.swift; sourceTree = "<group>"; };
		6E97D2892023CD5E00DD8368 /* StatisticsViewController.swift */ = {isa = PBXFileReference; lastKnownFileType = sourcecode.swift; path = StatisticsViewController.swift; sourceTree = "<group>"; };
		6E97D28A2023CD5F00DD8368 /* AccountViewController.swift */ = {isa = PBXFileReference; lastKnownFileType = sourcecode.swift; path = AccountViewController.swift; sourceTree = "<group>"; };
		6E97D28B2023CD5F00DD8368 /* LookupViewController.swift */ = {isa = PBXFileReference; lastKnownFileType = sourcecode.swift; path = LookupViewController.swift; sourceTree = "<group>"; };
		6E97D28C2023CD6000DD8368 /* ViewController.swift */ = {isa = PBXFileReference; lastKnownFileType = sourcecode.swift; path = ViewController.swift; sourceTree = "<group>"; };
		6E97D28D2023CD6000DD8368 /* AttractionsTableViewCell.swift */ = {isa = PBXFileReference; lastKnownFileType = sourcecode.swift; path = AttractionsTableViewCell.swift; sourceTree = "<group>"; };
		6E97D28E2023CD6000DD8368 /* AttractionsTableViewController.swift */ = {isa = PBXFileReference; lastKnownFileType = sourcecode.swift; path = AttractionsTableViewController.swift; sourceTree = "<group>"; };
		6E97D28F2023CD6100DD8368 /* SignInViewController.swift */ = {isa = PBXFileReference; lastKnownFileType = sourcecode.swift; path = SignInViewController.swift; sourceTree = "<group>"; };
		6EA4065320265FED009069F4 /* LookupModelObserver.swift */ = {isa = PBXFileReference; lastKnownFileType = sourcecode.swift; path = LookupModelObserver.swift; sourceTree = "<group>"; };
		6EAD4E821FBB8748003C2E30 /* Default-568h@2x.png */ = {isa = PBXFileReference; lastKnownFileType = image.png; path = "Default-568h@2x.png"; sourceTree = "<group>"; };
		6EE12FD02024C71400509452 /* MainModel.swift */ = {isa = PBXFileReference; lastKnownFileType = sourcecode.swift; path = MainModel.swift; sourceTree = "<group>"; };
		6EE12FD22024C73E00509452 /* MapModel.swift */ = {isa = PBXFileReference; lastKnownFileType = sourcecode.swift; path = MapModel.swift; sourceTree = "<group>"; };
		6EF0C66C2013A9C300C967C6 /* GoogleService-Info.plist */ = {isa = PBXFileReference; fileEncoding = 4; lastKnownFileType = text.plist.xml; path = "GoogleService-Info.plist"; sourceTree = "<group>"; };
		AC402C54036475D1D037CE88 /* libPods-BlipsClient.a */ = {isa = PBXFileReference; explicitFileType = archive.ar; includeInIndex = 0; path = "libPods-BlipsClient.a"; sourceTree = BUILT_PRODUCTS_DIR; };
		B11E4D0B8AFEA76033DF6A5A /* Pods-BlipsClient.debug.xcconfig */ = {isa = PBXFileReference; includeInIndex = 1; lastKnownFileType = text.xcconfig; name = "Pods-BlipsClient.debug.xcconfig"; path = "Pods/Target Support Files/Pods-BlipsClient/Pods-BlipsClient.debug.xcconfig"; sourceTree = "<group>"; };
		F5C68D005D8613419F09CE03 /* Pods-BlipsClient.release.xcconfig */ = {isa = PBXFileReference; includeInIndex = 1; lastKnownFileType = text.xcconfig; name = "Pods-BlipsClient.release.xcconfig"; path = "Pods/Target Support Files/Pods-BlipsClient/Pods-BlipsClient.release.xcconfig"; sourceTree = "<group>"; };
/* End PBXFileReference section */

/* Begin PBXFrameworksBuildPhase section */
		6E2086261FA2100F00C824D9 /* Frameworks */ = {
			isa = PBXFrameworksBuildPhase;
			buildActionMask = 2147483647;
			files = (
				6E20865D1FA2106100C824D9 /* MapKit.framework in Frameworks */,
				0A351D145D80DB9B5A6D8D42 /* libPods-BlipsClient.a in Frameworks */,
			);
			runOnlyForDeploymentPostprocessing = 0;
		};
		6E20863A1FA2100F00C824D9 /* Frameworks */ = {
			isa = PBXFrameworksBuildPhase;
			buildActionMask = 2147483647;
			files = (
			);
			runOnlyForDeploymentPostprocessing = 0;
		};
		6E2086451FA2100F00C824D9 /* Frameworks */ = {
			isa = PBXFrameworksBuildPhase;
			buildActionMask = 2147483647;
			files = (
			);
			runOnlyForDeploymentPostprocessing = 0;
		};
/* End PBXFrameworksBuildPhase section */

/* Begin PBXGroup section */
		03CFAD3A1A431819A28CB2B6 /* Pods */ = {
			isa = PBXGroup;
			children = (
				B11E4D0B8AFEA76033DF6A5A /* Pods-BlipsClient.debug.xcconfig */,
				F5C68D005D8613419F09CE03 /* Pods-BlipsClient.release.xcconfig */,
			);
			name = Pods;
			sourceTree = "<group>";
		};
		6E2086201FA2100F00C824D9 = {
			isa = PBXGroup;
			children = (
				6EAD4E821FBB8748003C2E30 /* Default-568h@2x.png */,
				6EF0C66C2013A9C300C967C6 /* GoogleService-Info.plist */,
				6E20862B1FA2100F00C824D9 /* BlipsClient */,
				6E2086401FA2100F00C824D9 /* BlipsClientTests */,
				6E20864B1FA2100F00C824D9 /* BlipsClientUITests */,
				6E20862A1FA2100F00C824D9 /* Products */,
				6E20865B1FA2106100C824D9 /* Frameworks */,
				03CFAD3A1A431819A28CB2B6 /* Pods */,
			);
			sourceTree = "<group>";
		};
		6E20862A1FA2100F00C824D9 /* Products */ = {
			isa = PBXGroup;
			children = (
				6E2086291FA2100F00C824D9 /* BlipsClient.app */,
				6E20863D1FA2100F00C824D9 /* BlipsClientTests.xctest */,
				6E2086481FA2100F00C824D9 /* BlipsClientUITests.xctest */,
			);
			name = Products;
			sourceTree = "<group>";
		};
		6E20862B1FA2100F00C824D9 /* BlipsClient */ = {
			isa = PBXGroup;
			children = (
				6E97D29A2023CDA100DD8368 /* Models */,
				6E97D2992023CD9100DD8368 /* Interfaces */,
				6E97D2982023CD7500DD8368 /* Controllers */,
				6E20865A1FA2105900C824D9 /* BlipsClient.entitlements */,
				6E20862C1FA2100F00C824D9 /* AppDelegate.swift */,
				6E2086301FA2100F00C824D9 /* Main.storyboard */,
				6E2086331FA2100F00C824D9 /* Assets.xcassets */,
				6E2086381FA2100F00C824D9 /* Info.plist */,
			);
			path = BlipsClient;
			sourceTree = "<group>";
		};
		6E2086401FA2100F00C824D9 /* BlipsClientTests */ = {
			isa = PBXGroup;
			children = (
				6E2086411FA2100F00C824D9 /* BlipsClientTests.swift */,
				6E2086431FA2100F00C824D9 /* Info.plist */,
			);
			path = BlipsClientTests;
			sourceTree = "<group>";
		};
		6E20864B1FA2100F00C824D9 /* BlipsClientUITests */ = {
			isa = PBXGroup;
			children = (
				6E20864C1FA2100F00C824D9 /* BlipsClientUITests.swift */,
				6E20864E1FA2100F00C824D9 /* Info.plist */,
			);
			path = BlipsClientUITests;
			sourceTree = "<group>";
		};
		6E20865B1FA2106100C824D9 /* Frameworks */ = {
			isa = PBXGroup;
			children = (
				6E20865C1FA2106100C824D9 /* MapKit.framework */,
				AC402C54036475D1D037CE88 /* libPods-BlipsClient.a */,
			);
			name = Frameworks;
			sourceTree = "<group>";
		};
		6E97D2982023CD7500DD8368 /* Controllers */ = {
			isa = PBXGroup;
			children = (
				6E97D28A2023CD5F00DD8368 /* AccountViewController.swift */,
				6E97D28D2023CD6000DD8368 /* AttractionsTableViewCell.swift */,
				6E97D28E2023CD6000DD8368 /* AttractionsTableViewController.swift */,
				6E97D2882023CD5E00DD8368 /* AttributesTableViewController.swift */,
				6E97D28B2023CD5F00DD8368 /* LookupViewController.swift */,
				6E71ED3E202621FE00EC17B9 /* MapViewController.swift */,
				6E97D28F2023CD6100DD8368 /* SignInViewController.swift */,
				6E97D2892023CD5E00DD8368 /* StatisticsViewController.swift */,
				6E97D28C2023CD6000DD8368 /* ViewController.swift */,
			);
			path = Controllers;
			sourceTree = "<group>";
		};
		6E97D2992023CD9100DD8368 /* Interfaces */ = {
			isa = PBXGroup;
			children = (
				6E97D2722023CD4B00DD8368 /* LocationObserver.swift */,
				6E71ED3C2026213F00EC17B9 /* MapModelObserver.swift */,
				6E97D2752023CD4C00DD8368 /* ServerInterface.swift */,
				6E97D2742023CD4C00DD8368 /* UserAccountObserver.swift */,
				6E97D2732023CD4B00DD8368 /* UserHistoryObserver.swift */,
				6EA4065320265FED009069F4 /* LookupModelObserver.swift */,
			);
			path = Interfaces;
			sourceTree = "<group>";
		};
		6E97D29A2023CDA100DD8368 /* Models */ = {
			isa = PBXGroup;
			children = (
				6E97D27C2023CD5500DD8368 /* Blip.swift */,
				6E97D27D2023CD5500DD8368 /* BlipRequest.swift */,
				6E97D27B2023CD5400DD8368 /* CustomLookup.swift */,
				6E97D2802023CD5700DD8368 /* Location.swift */,
				6E97D27E2023CD5600DD8368 /* LookupModel.swift */,
				6EE12FD02024C71400509452 /* MainModel.swift */,
				6EE12FD22024C73E00509452 /* MapModel.swift */,
				6E97D27A2023CD5400DD8368 /* SignInModel.swift */,
				6E97D27F2023CD5600DD8368 /* User.swift */,
			);
			path = Models;
			sourceTree = "<group>";
		};
/* End PBXGroup section */

/* Begin PBXNativeTarget section */
		6E2086281FA2100F00C824D9 /* BlipsClient */ = {
			isa = PBXNativeTarget;
			buildConfigurationList = 6E2086511FA2100F00C824D9 /* Build configuration list for PBXNativeTarget "BlipsClient" */;
			buildPhases = (
				231CEF9A933255817A447036 /* [CP] Check Pods Manifest.lock */,
				6E2086251FA2100F00C824D9 /* Sources */,
				6E2086261FA2100F00C824D9 /* Frameworks */,
				6E2086271FA2100F00C824D9 /* Resources */,
				8B5F63F8D562FCB4FEA63256 /* [CP] Embed Pods Frameworks */,
				9C381D5F402C6C6B54F43914 /* [CP] Copy Pods Resources */,
			);
			buildRules = (
			);
			dependencies = (
			);
			name = BlipsClient;
			productName = BlipsClient;
			productReference = 6E2086291FA2100F00C824D9 /* BlipsClient.app */;
			productType = "com.apple.product-type.application";
		};
		6E20863C1FA2100F00C824D9 /* BlipsClientTests */ = {
			isa = PBXNativeTarget;
			buildConfigurationList = 6E2086541FA2100F00C824D9 /* Build configuration list for PBXNativeTarget "BlipsClientTests" */;
			buildPhases = (
				6E2086391FA2100F00C824D9 /* Sources */,
				6E20863A1FA2100F00C824D9 /* Frameworks */,
				6E20863B1FA2100F00C824D9 /* Resources */,
			);
			buildRules = (
			);
			dependencies = (
				6E20863F1FA2100F00C824D9 /* PBXTargetDependency */,
			);
			name = BlipsClientTests;
			productName = BlipsClientTests;
			productReference = 6E20863D1FA2100F00C824D9 /* BlipsClientTests.xctest */;
			productType = "com.apple.product-type.bundle.unit-test";
		};
		6E2086471FA2100F00C824D9 /* BlipsClientUITests */ = {
			isa = PBXNativeTarget;
			buildConfigurationList = 6E2086571FA2100F00C824D9 /* Build configuration list for PBXNativeTarget "BlipsClientUITests" */;
			buildPhases = (
				6E2086441FA2100F00C824D9 /* Sources */,
				6E2086451FA2100F00C824D9 /* Frameworks */,
				6E2086461FA2100F00C824D9 /* Resources */,
			);
			buildRules = (
			);
			dependencies = (
				6E20864A1FA2100F00C824D9 /* PBXTargetDependency */,
			);
			name = BlipsClientUITests;
			productName = BlipsClientUITests;
			productReference = 6E2086481FA2100F00C824D9 /* BlipsClientUITests.xctest */;
			productType = "com.apple.product-type.bundle.ui-testing";
		};
/* End PBXNativeTarget section */

/* Begin PBXProject section */
		6E2086211FA2100F00C824D9 /* Project object */ = {
			isa = PBXProject;
			attributes = {
				LastSwiftUpdateCheck = 0910;
				LastUpgradeCheck = 0910;
				ORGANIZATIONNAME = "Cyrus Sadeghi";
				TargetAttributes = {
					6E2086281FA2100F00C824D9 = {
						CreatedOnToolsVersion = 9.1;
						LastSwiftMigration = 0920;
						ProvisioningStyle = Automatic;
						SystemCapabilities = {
							com.apple.Maps.iOS = {
								enabled = 1;
							};
							com.apple.NearFieldCommunicationTagReading = {
								enabled = 1;
							};
							com.apple.Push = {
								enabled = 1;
							};
						};
					};
					6E20863C1FA2100F00C824D9 = {
						CreatedOnToolsVersion = 9.1;
						ProvisioningStyle = Automatic;
						TestTargetID = 6E2086281FA2100F00C824D9;
					};
					6E2086471FA2100F00C824D9 = {
						CreatedOnToolsVersion = 9.1;
						ProvisioningStyle = Automatic;
						TestTargetID = 6E2086281FA2100F00C824D9;
					};
				};
			};
			buildConfigurationList = 6E2086241FA2100F00C824D9 /* Build configuration list for PBXProject "BlipsClient" */;
			compatibilityVersion = "Xcode 8.0";
			developmentRegion = en;
			hasScannedForEncodings = 0;
			knownRegions = (
				en,
				Base,
			);
			mainGroup = 6E2086201FA2100F00C824D9;
			productRefGroup = 6E20862A1FA2100F00C824D9 /* Products */;
			projectDirPath = "";
			projectRoot = "";
			targets = (
				6E2086281FA2100F00C824D9 /* BlipsClient */,
				6E20863C1FA2100F00C824D9 /* BlipsClientTests */,
				6E2086471FA2100F00C824D9 /* BlipsClientUITests */,
			);
		};
/* End PBXProject section */

/* Begin PBXResourcesBuildPhase section */
		6E2086271FA2100F00C824D9 /* Resources */ = {
			isa = PBXResourcesBuildPhase;
			buildActionMask = 2147483647;
			files = (
				6EAD4E831FBB8748003C2E30 /* Default-568h@2x.png in Resources */,
				6EF0C66D2013A9C300C967C6 /* GoogleService-Info.plist in Resources */,
				6E2086341FA2100F00C824D9 /* Assets.xcassets in Resources */,
				6E2086321FA2100F00C824D9 /* Main.storyboard in Resources */,
			);
			runOnlyForDeploymentPostprocessing = 0;
		};
		6E20863B1FA2100F00C824D9 /* Resources */ = {
			isa = PBXResourcesBuildPhase;
			buildActionMask = 2147483647;
			files = (
				6EF0C66E2013AA0100C967C6 /* GoogleService-Info.plist in Resources */,
			);
			runOnlyForDeploymentPostprocessing = 0;
		};
		6E2086461FA2100F00C824D9 /* Resources */ = {
			isa = PBXResourcesBuildPhase;
			buildActionMask = 2147483647;
			files = (
				6EF0C66F2013AA0100C967C6 /* GoogleService-Info.plist in Resources */,
			);
			runOnlyForDeploymentPostprocessing = 0;
		};
/* End PBXResourcesBuildPhase section */

/* Begin PBXShellScriptBuildPhase section */
		231CEF9A933255817A447036 /* [CP] Check Pods Manifest.lock */ = {
			isa = PBXShellScriptBuildPhase;
			buildActionMask = 2147483647;
			files = (
			);
			inputPaths = (
				"${PODS_PODFILE_DIR_PATH}/Podfile.lock",
				"${PODS_ROOT}/Manifest.lock",
			);
			name = "[CP] Check Pods Manifest.lock";
			outputPaths = (
				"$(DERIVED_FILE_DIR)/Pods-BlipsClient-checkManifestLockResult.txt",
			);
			runOnlyForDeploymentPostprocessing = 0;
			shellPath = /bin/sh;
			shellScript = "diff \"${PODS_PODFILE_DIR_PATH}/Podfile.lock\" \"${PODS_ROOT}/Manifest.lock\" > /dev/null\nif [ $? != 0 ] ; then\n    # print error to STDERR\n    echo \"error: The sandbox is not in sync with the Podfile.lock. Run 'pod install' or update your CocoaPods installation.\" >&2\n    exit 1\nfi\n# This output is used by Xcode 'outputs' to avoid re-running this script phase.\necho \"SUCCESS\" > \"${SCRIPT_OUTPUT_FILE_0}\"\n";
			showEnvVarsInLog = 0;
		};
		8B5F63F8D562FCB4FEA63256 /* [CP] Embed Pods Frameworks */ = {
			isa = PBXShellScriptBuildPhase;
			buildActionMask = 2147483647;
			files = (
			);
			inputPaths = (
			);
			name = "[CP] Embed Pods Frameworks";
			outputPaths = (
			);
			runOnlyForDeploymentPostprocessing = 0;
			shellPath = /bin/sh;
			shellScript = "\"${SRCROOT}/Pods/Target Support Files/Pods-BlipsClient/Pods-BlipsClient-frameworks.sh\"\n";
			showEnvVarsInLog = 0;
		};
		9C381D5F402C6C6B54F43914 /* [CP] Copy Pods Resources */ = {
			isa = PBXShellScriptBuildPhase;
			buildActionMask = 2147483647;
			files = (
			);
			inputPaths = (
				"${SRCROOT}/Pods/Target Support Files/Pods-BlipsClient/Pods-BlipsClient-resources.sh",
				"${PODS_ROOT}/GTMOAuth2/Source/Touch/GTMOAuth2ViewTouch.xib",
				"${PODS_ROOT}/GoogleSignIn/Resources/GoogleSignIn.bundle",
			);
			name = "[CP] Copy Pods Resources";
			outputPaths = (
				"${TARGET_BUILD_DIR}/${UNLOCALIZED_RESOURCES_FOLDER_PATH}/GTMOAuth2ViewTouch.nib",
				"${TARGET_BUILD_DIR}/${UNLOCALIZED_RESOURCES_FOLDER_PATH}/GoogleSignIn.bundle",
			);
			runOnlyForDeploymentPostprocessing = 0;
			shellPath = /bin/sh;
			shellScript = "\"${SRCROOT}/Pods/Target Support Files/Pods-BlipsClient/Pods-BlipsClient-resources.sh\"\n";
			showEnvVarsInLog = 0;
		};
/* End PBXShellScriptBuildPhase section */

/* Begin PBXSourcesBuildPhase section */
		6E2086251FA2100F00C824D9 /* Sources */ = {
			isa = PBXSourcesBuildPhase;
			buildActionMask = 2147483647;
			files = (
				6E97D2842023CD5800DD8368 /* BlipRequest.swift in Sources */,
				6E97D2782023CD4C00DD8368 /* UserAccountObserver.swift in Sources */,
				6E97D2902023CD6100DD8368 /* AttributesTableViewController.swift in Sources */,
				6E97D2792023CD4C00DD8368 /* ServerInterface.swift in Sources */,
				6E97D2962023CD6100DD8368 /* AttractionsTableViewController.swift in Sources */,
				6E97D2772023CD4C00DD8368 /* UserHistoryObserver.swift in Sources */,
				6EE12FD32024C73E00509452 /* MapModel.swift in Sources */,
				6E71ED3F202621FE00EC17B9 /* MapViewController.swift in Sources */,
				6E97D2822023CD5800DD8368 /* CustomLookup.swift in Sources */,
				6E97D2832023CD5800DD8368 /* Blip.swift in Sources */,
				6E97D2972023CD6100DD8368 /* SignInViewController.swift in Sources */,
				6E97D2762023CD4C00DD8368 /* LocationObserver.swift in Sources */,
				6E20862D1FA2100F00C824D9 /* AppDelegate.swift in Sources */,
				6E97D2942023CD6100DD8368 /* ViewController.swift in Sources */,
				6EA4065420265FED009069F4 /* LookupModelObserver.swift in Sources */,
				6E97D2812023CD5800DD8368 /* SignInModel.swift in Sources */,
				6E97D2852023CD5800DD8368 /* LookupModel.swift in Sources */,
				6E97D2922023CD6100DD8368 /* AccountViewController.swift in Sources */,
				6E97D2872023CD5800DD8368 /* Location.swift in Sources */,
				6E97D2862023CD5800DD8368 /* User.swift in Sources */,
				6EE12FD12024C71400509452 /* MainModel.swift in Sources */,
				6E97D2932023CD6100DD8368 /* LookupViewController.swift in Sources */,
				6E97D2952023CD6100DD8368 /* AttractionsTableViewCell.swift in Sources */,
				6E97D2912023CD6100DD8368 /* StatisticsViewController.swift in Sources */,
				6E71ED3D2026213F00EC17B9 /* MapModelObserver.swift in Sources */,
			);
			runOnlyForDeploymentPostprocessing = 0;
		};
		6E2086391FA2100F00C824D9 /* Sources */ = {
			isa = PBXSourcesBuildPhase;
			buildActionMask = 2147483647;
			files = (
				6E2086421FA2100F00C824D9 /* BlipsClientTests.swift in Sources */,
			);
			runOnlyForDeploymentPostprocessing = 0;
		};
		6E2086441FA2100F00C824D9 /* Sources */ = {
			isa = PBXSourcesBuildPhase;
			buildActionMask = 2147483647;
			files = (
				6E20864D1FA2100F00C824D9 /* BlipsClientUITests.swift in Sources */,
			);
			runOnlyForDeploymentPostprocessing = 0;
		};
/* End PBXSourcesBuildPhase section */

/* Begin PBXTargetDependency section */
		6E20863F1FA2100F00C824D9 /* PBXTargetDependency */ = {
			isa = PBXTargetDependency;
			target = 6E2086281FA2100F00C824D9 /* BlipsClient */;
			targetProxy = 6E20863E1FA2100F00C824D9 /* PBXContainerItemProxy */;
		};
		6E20864A1FA2100F00C824D9 /* PBXTargetDependency */ = {
			isa = PBXTargetDependency;
			target = 6E2086281FA2100F00C824D9 /* BlipsClient */;
			targetProxy = 6E2086491FA2100F00C824D9 /* PBXContainerItemProxy */;
		};
/* End PBXTargetDependency section */

/* Begin PBXVariantGroup section */
		6E2086301FA2100F00C824D9 /* Main.storyboard */ = {
			isa = PBXVariantGroup;
			children = (
				6E2086311FA2100F00C824D9 /* Base */,
			);
			name = Main.storyboard;
			sourceTree = "<group>";
		};
/* End PBXVariantGroup section */

/* Begin XCBuildConfiguration section */
		6E20864F1FA2100F00C824D9 /* Debug */ = {
			isa = XCBuildConfiguration;
			buildSettings = {
				ALWAYS_SEARCH_USER_PATHS = NO;
				CLANG_ANALYZER_NONNULL = YES;
				CLANG_ANALYZER_NUMBER_OBJECT_CONVERSION = YES_AGGRESSIVE;
				CLANG_CXX_LANGUAGE_STANDARD = "gnu++14";
				CLANG_CXX_LIBRARY = "libc++";
				CLANG_ENABLE_MODULES = YES;
				CLANG_ENABLE_OBJC_ARC = YES;
				CLANG_WARN_BLOCK_CAPTURE_AUTORELEASING = YES;
				CLANG_WARN_BOOL_CONVERSION = YES;
				CLANG_WARN_COMMA = YES;
				CLANG_WARN_CONSTANT_CONVERSION = YES;
				CLANG_WARN_DIRECT_OBJC_ISA_USAGE = YES_ERROR;
				CLANG_WARN_DOCUMENTATION_COMMENTS = YES;
				CLANG_WARN_EMPTY_BODY = YES;
				CLANG_WARN_ENUM_CONVERSION = YES;
				CLANG_WARN_INFINITE_RECURSION = YES;
				CLANG_WARN_INT_CONVERSION = YES;
				CLANG_WARN_NON_LITERAL_NULL_CONVERSION = YES;
				CLANG_WARN_OBJC_LITERAL_CONVERSION = YES;
				CLANG_WARN_OBJC_ROOT_CLASS = YES_ERROR;
				CLANG_WARN_RANGE_LOOP_ANALYSIS = YES;
				CLANG_WARN_STRICT_PROTOTYPES = YES;
				CLANG_WARN_SUSPICIOUS_MOVE = YES;
				CLANG_WARN_UNGUARDED_AVAILABILITY = YES_AGGRESSIVE;
				CLANG_WARN_UNREACHABLE_CODE = YES;
				CLANG_WARN__DUPLICATE_METHOD_MATCH = YES;
				CODE_SIGN_IDENTITY = "iPhone Developer";
				COPY_PHASE_STRIP = NO;
				DEBUG_INFORMATION_FORMAT = dwarf;
				ENABLE_STRICT_OBJC_MSGSEND = YES;
				ENABLE_TESTABILITY = YES;
				GCC_C_LANGUAGE_STANDARD = gnu11;
				GCC_DYNAMIC_NO_PIC = NO;
				GCC_NO_COMMON_BLOCKS = YES;
				GCC_OPTIMIZATION_LEVEL = 0;
				GCC_PREPROCESSOR_DEFINITIONS = (
					"DEBUG=1",
					"$(inherited)",
				);
				GCC_WARN_64_TO_32_BIT_CONVERSION = YES;
				GCC_WARN_ABOUT_RETURN_TYPE = YES_ERROR;
				GCC_WARN_UNDECLARED_SELECTOR = YES;
				GCC_WARN_UNINITIALIZED_AUTOS = YES_AGGRESSIVE;
				GCC_WARN_UNUSED_FUNCTION = YES;
				GCC_WARN_UNUSED_VARIABLE = YES;
				IPHONEOS_DEPLOYMENT_TARGET = 11.1;
				MTL_ENABLE_DEBUG_INFO = YES;
				ONLY_ACTIVE_ARCH = YES;
				SDKROOT = iphoneos;
				SWIFT_ACTIVE_COMPILATION_CONDITIONS = DEBUG;
				SWIFT_OPTIMIZATION_LEVEL = "-Onone";
			};
			name = Debug;
		};
		6E2086501FA2100F00C824D9 /* Release */ = {
			isa = XCBuildConfiguration;
			buildSettings = {
				ALWAYS_SEARCH_USER_PATHS = NO;
				CLANG_ANALYZER_NONNULL = YES;
				CLANG_ANALYZER_NUMBER_OBJECT_CONVERSION = YES_AGGRESSIVE;
				CLANG_CXX_LANGUAGE_STANDARD = "gnu++14";
				CLANG_CXX_LIBRARY = "libc++";
				CLANG_ENABLE_MODULES = YES;
				CLANG_ENABLE_OBJC_ARC = YES;
				CLANG_WARN_BLOCK_CAPTURE_AUTORELEASING = YES;
				CLANG_WARN_BOOL_CONVERSION = YES;
				CLANG_WARN_COMMA = YES;
				CLANG_WARN_CONSTANT_CONVERSION = YES;
				CLANG_WARN_DIRECT_OBJC_ISA_USAGE = YES_ERROR;
				CLANG_WARN_DOCUMENTATION_COMMENTS = YES;
				CLANG_WARN_EMPTY_BODY = YES;
				CLANG_WARN_ENUM_CONVERSION = YES;
				CLANG_WARN_INFINITE_RECURSION = YES;
				CLANG_WARN_INT_CONVERSION = YES;
				CLANG_WARN_NON_LITERAL_NULL_CONVERSION = YES;
				CLANG_WARN_OBJC_LITERAL_CONVERSION = YES;
				CLANG_WARN_OBJC_ROOT_CLASS = YES_ERROR;
				CLANG_WARN_RANGE_LOOP_ANALYSIS = YES;
				CLANG_WARN_STRICT_PROTOTYPES = YES;
				CLANG_WARN_SUSPICIOUS_MOVE = YES;
				CLANG_WARN_UNGUARDED_AVAILABILITY = YES_AGGRESSIVE;
				CLANG_WARN_UNREACHABLE_CODE = YES;
				CLANG_WARN__DUPLICATE_METHOD_MATCH = YES;
				CODE_SIGN_IDENTITY = "iPhone Developer";
				COPY_PHASE_STRIP = NO;
				DEBUG_INFORMATION_FORMAT = "dwarf-with-dsym";
				ENABLE_NS_ASSERTIONS = NO;
				ENABLE_STRICT_OBJC_MSGSEND = YES;
				GCC_C_LANGUAGE_STANDARD = gnu11;
				GCC_NO_COMMON_BLOCKS = YES;
				GCC_WARN_64_TO_32_BIT_CONVERSION = YES;
				GCC_WARN_ABOUT_RETURN_TYPE = YES_ERROR;
				GCC_WARN_UNDECLARED_SELECTOR = YES;
				GCC_WARN_UNINITIALIZED_AUTOS = YES_AGGRESSIVE;
				GCC_WARN_UNUSED_FUNCTION = YES;
				GCC_WARN_UNUSED_VARIABLE = YES;
				IPHONEOS_DEPLOYMENT_TARGET = 11.1;
				MTL_ENABLE_DEBUG_INFO = NO;
				SDKROOT = iphoneos;
				SWIFT_OPTIMIZATION_LEVEL = "-Owholemodule";
				VALIDATE_PRODUCT = YES;
			};
			name = Release;
		};
		6E2086521FA2100F00C824D9 /* Debug */ = {
			isa = XCBuildConfiguration;
			baseConfigurationReference = B11E4D0B8AFEA76033DF6A5A /* Pods-BlipsClient.debug.xcconfig */;
			buildSettings = {
				ASSETCATALOG_COMPILER_APPICON_NAME = AppIcon;
				CLANG_ENABLE_MODULES = YES;
				CODE_SIGN_ENTITLEMENTS = BlipsClient/BlipsClient.entitlements;
				CODE_SIGN_STYLE = Automatic;
				DEVELOPMENT_TEAM = FY36VGL2Q2;
				INFOPLIST_FILE = BlipsClient/Info.plist;
				LD_RUNPATH_SEARCH_PATHS = "$(inherited) @executable_path/Frameworks";
				PRODUCT_BUNDLE_IDENTIFIER = com.fouryear.BlipsClient;
				PRODUCT_NAME = "$(TARGET_NAME)";
				SWIFT_INSTALL_OBJC_HEADER = NO;
				SWIFT_OPTIMIZATION_LEVEL = "-Onone";
				SWIFT_VERSION = 4.0;
				TARGETED_DEVICE_FAMILY = "1,2";
			};
			name = Debug;
		};
		6E2086531FA2100F00C824D9 /* Release */ = {
			isa = XCBuildConfiguration;
			baseConfigurationReference = F5C68D005D8613419F09CE03 /* Pods-BlipsClient.release.xcconfig */;
			buildSettings = {
				ASSETCATALOG_COMPILER_APPICON_NAME = AppIcon;
				CLANG_ENABLE_MODULES = YES;
				CODE_SIGN_ENTITLEMENTS = BlipsClient/BlipsClient.entitlements;
				CODE_SIGN_STYLE = Automatic;
				DEVELOPMENT_TEAM = FY36VGL2Q2;
				INFOPLIST_FILE = BlipsClient/Info.plist;
				LD_RUNPATH_SEARCH_PATHS = "$(inherited) @executable_path/Frameworks";
				PRODUCT_BUNDLE_IDENTIFIER = com.fouryear.BlipsClient;
				PRODUCT_NAME = "$(TARGET_NAME)";
				SWIFT_INSTALL_OBJC_HEADER = NO;
				SWIFT_VERSION = 4.0;
				TARGETED_DEVICE_FAMILY = "1,2";
			};
			name = Release;
		};
		6E2086551FA2100F00C824D9 /* Debug */ = {
			isa = XCBuildConfiguration;
			buildSettings = {
				ALWAYS_EMBED_SWIFT_STANDARD_LIBRARIES = YES;
				BUNDLE_LOADER = "$(TEST_HOST)";
				CODE_SIGN_STYLE = Automatic;
				DEVELOPMENT_TEAM = FY36VGL2Q2;
				INFOPLIST_FILE = BlipsClientTests/Info.plist;
				LD_RUNPATH_SEARCH_PATHS = "$(inherited) @executable_path/Frameworks @loader_path/Frameworks";
				PRODUCT_BUNDLE_IDENTIFIER = com.fourth.BlipsClientTests;
				PRODUCT_NAME = "$(TARGET_NAME)";
				SWIFT_VERSION = 4.0;
				TARGETED_DEVICE_FAMILY = "1,2";
				TEST_HOST = "$(BUILT_PRODUCTS_DIR)/BlipsClient.app/BlipsClient";
			};
			name = Debug;
		};
		6E2086561FA2100F00C824D9 /* Release */ = {
			isa = XCBuildConfiguration;
			buildSettings = {
				ALWAYS_EMBED_SWIFT_STANDARD_LIBRARIES = YES;
				BUNDLE_LOADER = "$(TEST_HOST)";
				CODE_SIGN_STYLE = Automatic;
				DEVELOPMENT_TEAM = FY36VGL2Q2;
				INFOPLIST_FILE = BlipsClientTests/Info.plist;
				LD_RUNPATH_SEARCH_PATHS = "$(inherited) @executable_path/Frameworks @loader_path/Frameworks";
				PRODUCT_BUNDLE_IDENTIFIER = com.fourth.BlipsClientTests;
				PRODUCT_NAME = "$(TARGET_NAME)";
				SWIFT_VERSION = 4.0;
				TARGETED_DEVICE_FAMILY = "1,2";
				TEST_HOST = "$(BUILT_PRODUCTS_DIR)/BlipsClient.app/BlipsClient";
			};
			name = Release;
		};
		6E2086581FA2100F00C824D9 /* Debug */ = {
			isa = XCBuildConfiguration;
			buildSettings = {
				ALWAYS_EMBED_SWIFT_STANDARD_LIBRARIES = YES;
				CODE_SIGN_STYLE = Automatic;
				INFOPLIST_FILE = BlipsClientUITests/Info.plist;
				LD_RUNPATH_SEARCH_PATHS = "$(inherited) @executable_path/Frameworks @loader_path/Frameworks";
				PRODUCT_BUNDLE_IDENTIFIER = com.fourth.BlipsClientUITests;
				PRODUCT_NAME = "$(TARGET_NAME)";
				SWIFT_VERSION = 4.0;
				TARGETED_DEVICE_FAMILY = "1,2";
				TEST_TARGET_NAME = BlipsClient;
			};
			name = Debug;
		};
		6E2086591FA2100F00C824D9 /* Release */ = {
			isa = XCBuildConfiguration;
			buildSettings = {
				ALWAYS_EMBED_SWIFT_STANDARD_LIBRARIES = YES;
				CODE_SIGN_STYLE = Automatic;
				INFOPLIST_FILE = BlipsClientUITests/Info.plist;
				LD_RUNPATH_SEARCH_PATHS = "$(inherited) @executable_path/Frameworks @loader_path/Frameworks";
				PRODUCT_BUNDLE_IDENTIFIER = com.fourth.BlipsClientUITests;
				PRODUCT_NAME = "$(TARGET_NAME)";
				SWIFT_VERSION = 4.0;
				TARGETED_DEVICE_FAMILY = "1,2";
				TEST_TARGET_NAME = BlipsClient;
			};
			name = Release;
		};
/* End XCBuildConfiguration section */

/* Begin XCConfigurationList section */
		6E2086241FA2100F00C824D9 /* Build configuration list for PBXProject "BlipsClient" */ = {
			isa = XCConfigurationList;
			buildConfigurations = (
				6E20864F1FA2100F00C824D9 /* Debug */,
				6E2086501FA2100F00C824D9 /* Release */,
			);
			defaultConfigurationIsVisible = 0;
			defaultConfigurationName = Release;
		};
		6E2086511FA2100F00C824D9 /* Build configuration list for PBXNativeTarget "BlipsClient" */ = {
			isa = XCConfigurationList;
			buildConfigurations = (
				6E2086521FA2100F00C824D9 /* Debug */,
				6E2086531FA2100F00C824D9 /* Release */,
			);
			defaultConfigurationIsVisible = 0;
			defaultConfigurationName = Release;
		};
		6E2086541FA2100F00C824D9 /* Build configuration list for PBXNativeTarget "BlipsClientTests" */ = {
			isa = XCConfigurationList;
			buildConfigurations = (
				6E2086551FA2100F00C824D9 /* Debug */,
				6E2086561FA2100F00C824D9 /* Release */,
			);
			defaultConfigurationIsVisible = 0;
			defaultConfigurationName = Release;
		};
		6E2086571FA2100F00C824D9 /* Build configuration list for PBXNativeTarget "BlipsClientUITests" */ = {
			isa = XCConfigurationList;
			buildConfigurations = (
				6E2086581FA2100F00C824D9 /* Debug */,
				6E2086591FA2100F00C824D9 /* Release */,
			);
			defaultConfigurationIsVisible = 0;
			defaultConfigurationName = Release;
		};
/* End XCConfigurationList section */
	};
	rootObject = 6E2086211FA2100F00C824D9 /* Project object */;
}
